
Microsoft Visual Studio Solution File, Format Version 12.00
# Visual Studio Version 16
VisualStudioVersion = 16.0.30621.155
MinimumVisualStudioVersion = 10.0.40219.1
Project("{9A19103F-16F7-4668-BE54-9A1E7A4F7556}") = "CustomPageMemoryAllocator", "ClassLibrary1\CustomPageMemoryAllocator.csproj", "{E81E3F3D-E1AD-4DBB-898B-39AA80C5731C}"
EndProject
Project("{9A19103F-16F7-4668-BE54-9A1E7A4F7556}") = "ConsoleApp", "ConsoleApp\ConsoleApp.csproj", "{0D2B1C45-0CF6-4CB7-B4CB-0BF7EF3D67F1}"
EndProject
Global
	GlobalSection(SolutionConfigurationPlatforms) = preSolution
		Debug|Any CPU = Debug|Any CPU
		Release|Any CPU = Release|Any CPU
	EndGlobalSection
	GlobalSection(ProjectConfigurationPlatforms) = postSolution
		{E81E3F3D-E1AD-4DBB-898B-39AA80C5731C}.Debug|Any CPU.ActiveCfg = Debug|Any CPU
		{E81E3F3D-E1AD-4DBB-898B-39AA80C5731C}.Debug|Any CPU.Build.0 = Debug|Any CPU
		{E81E3F3D-E1AD-4DBB-898B-39AA80C5731C}.Release|Any CPU.ActiveCfg = Release|Any CPU
		{E81E3F3D-E1AD-4DBB-898B-39AA80C5731C}.Release|Any CPU.Build.0 = Release|Any CPU
		{0D2B1C45-0CF6-4CB7-B4CB-0BF7EF3D67F1}.Debug|Any CPU.ActiveCfg = Debug|Any CPU
		{0D2B1C45-0CF6-4CB7-B4CB-0BF7EF3D67F1}.Debug|Any CPU.Build.0 = Debug|Any CPU
		{0D2B1C45-0CF6-4CB7-B4CB-0BF7EF3D67F1}.Release|Any CPU.ActiveCfg = Release|Any CPU
		{0D2B1C45-0CF6-4CB7-B4CB-0BF7EF3D67F1}.Release|Any CPU.Build.0 = Release|Any CPU
	EndGlobalSection
	GlobalSection(SolutionProperties) = preSolution
		HideSolutionNode = FALSE
	EndGlobalSection
	GlobalSection(ExtensibilityGlobals) = postSolution
		SolutionGuid = {C160615A-2918-4718-9797-3B439F2904DD}
	EndGlobalSection
EndGlobal
